
Microsoft Visual Studio Solution File, Format Version 12.00
# Visual Studio Version 16
VisualStudioVersion = 16.0.31624.102
MinimumVisualStudioVersion = 10.0.40219.1
Project("{FAE04EC0-301F-11D3-BF4B-00C04F79EFBC}") = "Market", "Market\Market.csproj", "{09AEEC9D-6F2A-4409-BDC9-C27447722C68}"
EndProject
Global
	GlobalSection(SolutionConfigurationPlatforms) = preSolution
		Debug|Any CPU = Debug|Any CPU
		Release|Any CPU = Release|Any CPU
	EndGlobalSection
	GlobalSection(ProjectConfigurationPlatforms) = postSolution
		{09AEEC9D-6F2A-4409-BDC9-C27447722C68}.Debug|Any CPU.ActiveCfg = Debug|Any CPU
		{09AEEC9D-6F2A-4409-BDC9-C27447722C68}.Debug|Any CPU.Build.0 = Debug|Any CPU
		{09AEEC9D-6F2A-4409-BDC9-C27447722C68}.Release|Any CPU.ActiveCfg = Release|Any CPU
		{09AEEC9D-6F2A-4409-BDC9-C27447722C68}.Release|Any CPU.Build.0 = Release|Any CPU
	EndGlobalSection
	GlobalSection(SolutionProperties) = preSolution
		HideSolutionNode = FALSE
	EndGlobalSection
	GlobalSection(ExtensibilityGlobals) = postSolution
		SolutionGuid = {C7B88879-EDC4-45B4-9481-478FA1C53912}
	EndGlobalSection
EndGlobal
